
Microsoft Visual Studio Solution File, Format Version 12.00
# Visual Studio Version 16
VisualStudioVersion = 16.0.30907.101
MinimumVisualStudioVersion = 10.0.40219.1
Project("{2150E333-8FDC-42A3-9474-1A3956D46DE8}") = "DAL", "DAL", "{9D0D4A54-057E-46C3-BBFE-CA01F7ECEDAE}"
EndProject
Project("{2150E333-8FDC-42A3-9474-1A3956D46DE8}") = "BLL", "BLL", "{CC5F4204-DFB6-4BB5-9E49-BED084063ED8}"
EndProject
Project("{2150E333-8FDC-42A3-9474-1A3956D46DE8}") = "API", "API", "{1A509C83-F994-4422-A74F-8FFA4805D849}"
EndProject
Project("{9A19103F-16F7-4668-BE54-9A1E7A4F7556}") = "CC.Yi.API", "CC.Yi.API\CC.Yi.API.csproj", "{CDB5556F-43FF-44F6-B33D-AC642E5CD30C}"
EndProject
Project("{9A19103F-16F7-4668-BE54-9A1E7A4F7556}") = "CC.Yi.BLL", "CC.Yi.BLL\CC.Yi.BLL.csproj", "{AE9B4D8A-0CED-49D1-81C7-EBD221E41AB6}"
EndProject
Project("{9A19103F-16F7-4668-BE54-9A1E7A4F7556}") = "CC.Yi.IBLL", "CC.Yi.IBLL\CC.Yi.IBLL.csproj", "{74177F89-72D5-45FE-8A4F-91FAD9E03D36}"
EndProject
Project("{9A19103F-16F7-4668-BE54-9A1E7A4F7556}") = "CC.Yi.DAL", "CC.Yi.DAL\CC.Yi.DAL.csproj", "{72FD0850-15FA-4A6F-B865-E1B38603307D}"
EndProject
Project("{9A19103F-16F7-4668-BE54-9A1E7A4F7556}") = "CC.Yi.IDAL", "CC.Yi.IDAL\CC.Yi.IDAL.csproj", "{BD77D98A-9F28-4C2D-A260-C3BB919B58E7}"
EndProject
Project("{2150E333-8FDC-42A3-9474-1A3956D46DE8}") = "Common", "Common", "{123D1D39-849C-4220-A973-EB9760421CB3}"
EndProject
Project("{2150E333-8FDC-42A3-9474-1A3956D46DE8}") = "Model", "Model", "{38B8D898-4BBF-4DDB-8E29-6D6CEB7808C9}"
EndProject
Project("{9A19103F-16F7-4668-BE54-9A1E7A4F7556}") = "CC.Yi.Model", "CC.Yi.Model\CC.Yi.Model.csproj", "{8827547B-E04B-4430-A0DF-E87FCA40E3AB}"
EndProject
Project("{9A19103F-16F7-4668-BE54-9A1E7A4F7556}") = "CC.Yi.ViewModel", "CC.Yi.ViewModel\CC.Yi.ViewModel.csproj", "{32F323F1-E2FA-4186-AC33-263465012D15}"
EndProject
Project("{9A19103F-16F7-4668-BE54-9A1E7A4F7556}") = "CC.Yi.Common", "CC.Yi.Common\CC.Yi.Common.csproj", "{9D6E5DD7-FA02-4532-8BAC-406FB80AFEAC}"
EndProject
Project("{9A19103F-16F7-4668-BE54-9A1E7A4F7556}") = "CC.Yi.DALFactory", "CC.Yi.DALFactory\CC.Yi.DALFactory.csproj", "{ACB6D3EE-FADE-4F07-9D12-C9E3A5F72335}"
EndProject
Global
	GlobalSection(SolutionConfigurationPlatforms) = preSolution
		Debug|Any CPU = Debug|Any CPU
		Release|Any CPU = Release|Any CPU
	EndGlobalSection
	GlobalSection(ProjectConfigurationPlatforms) = postSolution
		{CDB5556F-43FF-44F6-B33D-AC642E5CD30C}.Debug|Any CPU.ActiveCfg = Debug|Any CPU
		{CDB5556F-43FF-44F6-B33D-AC642E5CD30C}.Debug|Any CPU.Build.0 = Debug|Any CPU
		{CDB5556F-43FF-44F6-B33D-AC642E5CD30C}.Release|Any CPU.ActiveCfg = Release|Any CPU
		{CDB5556F-43FF-44F6-B33D-AC642E5CD30C}.Release|Any CPU.Build.0 = Release|Any CPU
		{AE9B4D8A-0CED-49D1-81C7-EBD221E41AB6}.Debug|Any CPU.ActiveCfg = Debug|Any CPU
		{AE9B4D8A-0CED-49D1-81C7-EBD221E41AB6}.Debug|Any CPU.Build.0 = Debug|Any CPU
		{AE9B4D8A-0CED-49D1-81C7-EBD221E41AB6}.Release|Any CPU.ActiveCfg = Release|Any CPU
		{AE9B4D8A-0CED-49D1-81C7-EBD221E41AB6}.Release|Any CPU.Build.0 = Release|Any CPU
		{74177F89-72D5-45FE-8A4F-91FAD9E03D36}.Debug|Any CPU.ActiveCfg = Debug|Any CPU
		{74177F89-72D5-45FE-8A4F-91FAD9E03D36}.Debug|Any CPU.Build.0 = Debug|Any CPU
		{74177F89-72D5-45FE-8A4F-91FAD9E03D36}.Release|Any CPU.ActiveCfg = Release|Any CPU
		{74177F89-72D5-45FE-8A4F-91FAD9E03D36}.Release|Any CPU.Build.0 = Release|Any CPU
		{72FD0850-15FA-4A6F-B865-E1B38603307D}.Debug|Any CPU.ActiveCfg = Debug|Any CPU
		{72FD0850-15FA-4A6F-B865-E1B38603307D}.Debug|Any CPU.Build.0 = Debug|Any CPU
		{72FD0850-15FA-4A6F-B865-E1B38603307D}.Release|Any CPU.ActiveCfg = Release|Any CPU
		{72FD0850-15FA-4A6F-B865-E1B38603307D}.Release|Any CPU.Build.0 = Release|Any CPU
		{BD77D98A-9F28-4C2D-A260-C3BB919B58E7}.Debug|Any CPU.ActiveCfg = Debug|Any CPU
		{BD77D98A-9F28-4C2D-A260-C3BB919B58E7}.Debug|Any CPU.Build.0 = Debug|Any CPU
		{BD77D98A-9F28-4C2D-A260-C3BB919B58E7}.Release|Any CPU.ActiveCfg = Release|Any CPU
		{BD77D98A-9F28-4C2D-A260-C3BB919B58E7}.Release|Any CPU.Build.0 = Release|Any CPU
		{8827547B-E04B-4430-A0DF-E87FCA40E3AB}.Debug|Any CPU.ActiveCfg = Debug|Any CPU
		{8827547B-E04B-4430-A0DF-E87FCA40E3AB}.Debug|Any CPU.Build.0 = Debug|Any CPU
		{8827547B-E04B-4430-A0DF-E87FCA40E3AB}.Release|Any CPU.ActiveCfg = Release|Any CPU
		{8827547B-E04B-4430-A0DF-E87FCA40E3AB}.Release|Any CPU.Build.0 = Release|Any CPU
		{32F323F1-E2FA-4186-AC33-263465012D15}.Debug|Any CPU.ActiveCfg = Debug|Any CPU
		{32F323F1-E2FA-4186-AC33-263465012D15}.Debug|Any CPU.Build.0 = Debug|Any CPU
		{32F323F1-E2FA-4186-AC33-263465012D15}.Release|Any CPU.ActiveCfg = Release|Any CPU
		{32F323F1-E2FA-4186-AC33-263465012D15}.Release|Any CPU.Build.0 = Release|Any CPU
		{9D6E5DD7-FA02-4532-8BAC-406FB80AFEAC}.Debug|Any CPU.ActiveCfg = Debug|Any CPU
		{9D6E5DD7-FA02-4532-8BAC-406FB80AFEAC}.Debug|Any CPU.Build.0 = Debug|Any CPU
		{9D6E5DD7-FA02-4532-8BAC-406FB80AFEAC}.Release|Any CPU.ActiveCfg = Release|Any CPU
		{9D6E5DD7-FA02-4532-8BAC-406FB80AFEAC}.Release|Any CPU.Build.0 = Release|Any CPU
		{ACB6D3EE-FADE-4F07-9D12-C9E3A5F72335}.Debug|Any CPU.ActiveCfg = Debug|Any CPU
		{ACB6D3EE-FADE-4F07-9D12-C9E3A5F72335}.Debug|Any CPU.Build.0 = Debug|Any CPU
		{ACB6D3EE-FADE-4F07-9D12-C9E3A5F72335}.Release|Any CPU.ActiveCfg = Release|Any CPU
		{ACB6D3EE-FADE-4F07-9D12-C9E3A5F72335}.Release|Any CPU.Build.0 = Release|Any CPU
	EndGlobalSection
	GlobalSection(SolutionProperties) = preSolution
		HideSolutionNode = FALSE
	EndGlobalSection
	GlobalSection(NestedProjects) = preSolution
		{CDB5556F-43FF-44F6-B33D-AC642E5CD30C} = {1A509C83-F994-4422-A74F-8FFA4805D849}
		{AE9B4D8A-0CED-49D1-81C7-EBD221E41AB6} = {CC5F4204-DFB6-4BB5-9E49-BED084063ED8}
		{74177F89-72D5-45FE-8A4F-91FAD9E03D36} = {CC5F4204-DFB6-4BB5-9E49-BED084063ED8}
		{72FD0850-15FA-4A6F-B865-E1B38603307D} = {9D0D4A54-057E-46C3-BBFE-CA01F7ECEDAE}
		{BD77D98A-9F28-4C2D-A260-C3BB919B58E7} = {9D0D4A54-057E-46C3-BBFE-CA01F7ECEDAE}
		{8827547B-E04B-4430-A0DF-E87FCA40E3AB} = {38B8D898-4BBF-4DDB-8E29-6D6CEB7808C9}
		{32F323F1-E2FA-4186-AC33-263465012D15} = {38B8D898-4BBF-4DDB-8E29-6D6CEB7808C9}
		{9D6E5DD7-FA02-4532-8BAC-406FB80AFEAC} = {123D1D39-849C-4220-A973-EB9760421CB3}
		{ACB6D3EE-FADE-4F07-9D12-C9E3A5F72335} = {9D0D4A54-057E-46C3-BBFE-CA01F7ECEDAE}
	EndGlobalSection
	GlobalSection(ExtensibilityGlobals) = postSolution
		SolutionGuid = {22DD3529-6AD4-413A-B7B3-D8335E6F47C9}
	EndGlobalSection
EndGlobal
