
Microsoft Visual Studio Solution File, Format Version 12.00
# Visual Studio Version 17
VisualStudioVersion = 17.0.31903.59
MinimumVisualStudioVersion = 10.0.40219.1
Project("{2150E333-8FDC-42A3-9474-1A3956D46DE8}") = "BackGround", "BackGround", "{D6B44435-EAFA-4D55-90D0-3AF80485FB83}"
EndProject
Project("{2150E333-8FDC-42A3-9474-1A3956D46DE8}") = "Client", "Client", "{C90E38FB-69EA-4997-8B3A-2C71EFA65B2B}"
EndProject
Project("{2150E333-8FDC-42A3-9474-1A3956D46DE8}") = "Domain", "Domain", "{DB2506F5-05FD-4E76-940E-41D7AA148550}"
EndProject
Project("{2150E333-8FDC-42A3-9474-1A3956D46DE8}") = "Infrastructure", "Infrastructure", "{9ABAF6B1-6C02-498A-90A2-ABC1140CF89A}"
EndProject
Project("{2150E333-8FDC-42A3-9474-1A3956D46DE8}") = "MicroServiceInstance", "MicroServiceInstance", "{026D2797-07D1-4BA5-8070-50CDE0258C59}"
EndProject
Project("{9A19103F-16F7-4668-BE54-9A1E7A4F7556}") = "Yi.Framework.DTOModel", "Yi.Framework.DTOModel\Yi.Framework.DTOModel.csproj", "{5B6C87F0-CEBA-4A0A-8C30-02E927AB4AEF}"
EndProject
Project("{9A19103F-16F7-4668-BE54-9A1E7A4F7556}") = "Yi.Framework.Interface", "Yi.Framework.Interface\Yi.Framework.Interface.csproj", "{5935EC64-7414-47D8-B934-E5896DD89E4E}"
EndProject
Project("{9A19103F-16F7-4668-BE54-9A1E7A4F7556}") = "Yi.Framework.Model", "Yi.Framework.Model\Yi.Framework.Model.csproj", "{F0EE03CF-30C9-4C48-BF32-FED6F3BCFB4C}"
EndProject
Project("{9A19103F-16F7-4668-BE54-9A1E7A4F7556}") = "Yi.Framework.Service", "Yi.Framework.Service\Yi.Framework.Service.csproj", "{C5E41276-A30F-4098-BA79-2E8920BBD02A}"
EndProject
Project("{9A19103F-16F7-4668-BE54-9A1E7A4F7556}") = "Yi.Framework.Common", "Yi.Framework.Common\Yi.Framework.Common.csproj", "{4816AA7B-7222-4B3B-A178-C2A70713E9D1}"
EndProject
Project("{9A19103F-16F7-4668-BE54-9A1E7A4F7556}") = "Yi.Framework.Core", "Yi.Framework.Core\Yi.Framework.Core.csproj", "{07A80C17-E03E-475D-9BBF-98E3B1393652}"
EndProject
Project("{9A19103F-16F7-4668-BE54-9A1E7A4F7556}") = "Yi.Framework.WebCore", "Yi.Framework.WebCore\Yi.Framework.WebCore.csproj", "{E4734315-158C-4D35-AF01-1122C22F2955}"
EndProject
Project("{9A19103F-16F7-4668-BE54-9A1E7A4F7556}") = "Yi.Framework.ApiMicroservice", "Yi.Framework.ApiMicroservice\Yi.Framework.ApiMicroservice.csproj", "{A95157D2-907F-411E-BA1D-A17F48C54A0E}"
EndProject
Project("{9A19103F-16F7-4668-BE54-9A1E7A4F7556}") = "Yi.Framework.OcelotGateway", "Yi.Framework.OcelotGateway\Yi.Framework.OcelotGateway.csproj", "{671E38D8-ECAF-484B-A2AE-63DDC469C315}"
EndProject
Project("{9A19103F-16F7-4668-BE54-9A1E7A4F7556}") = "Yi.Framework.AuthenticationCenter", "Yi.Framework.AuthenticationCenter\Yi.Framework.AuthenticationCenter.csproj", "{694C0EC0-ED32-4E5D-8EA1-FB82E1303EAB}"
EndProject
Project("{9A19103F-16F7-4668-BE54-9A1E7A4F7556}") = "Yi.Framework.ElasticSearchProcessor", "Yi.Framework.ElasticSearchProcessor\Yi.Framework.ElasticSearchProcessor.csproj", "{EEF89893-A6A9-4C02-818C-D116C8EAE0EF}"
EndProject
Project("{9A19103F-16F7-4668-BE54-9A1E7A4F7556}") = "Yi.Framework.MSUnitTest", "Yi.Framework.MSUnitTest\Yi.Framework.MSUnitTest.csproj", "{531255B3-9669-4BC1-B4E5-A0C6E0540F0D}"
EndProject
Project("{9A19103F-16F7-4668-BE54-9A1E7A4F7556}") = "Yi.Framework.Job", "Yi.Framework.Task\Yi.Framework.Job.csproj", "{F1C990DD-32C3-4F02-83B0-6E52B18B0B17}"
EndProject
Project("{9A19103F-16F7-4668-BE54-9A1E7A4F7556}") = "Yi.Framework.SMSProcessor", "Yi.Framework.SMSProcessor\Yi.Framework.SMSProcessor.csproj", "{7C58FB7C-9AB5-47CF-ACEB-B784CF820E7E}"
EndProject
Global
	GlobalSection(SolutionConfigurationPlatforms) = preSolution
		Debug|Any CPU = Debug|Any CPU
		Release|Any CPU = Release|Any CPU
	EndGlobalSection
	GlobalSection(ProjectConfigurationPlatforms) = postSolution
		{5B6C87F0-CEBA-4A0A-8C30-02E927AB4AEF}.Debug|Any CPU.ActiveCfg = Debug|Any CPU
		{5B6C87F0-CEBA-4A0A-8C30-02E927AB4AEF}.Debug|Any CPU.Build.0 = Debug|Any CPU
		{5B6C87F0-CEBA-4A0A-8C30-02E927AB4AEF}.Release|Any CPU.ActiveCfg = Release|Any CPU
		{5B6C87F0-CEBA-4A0A-8C30-02E927AB4AEF}.Release|Any CPU.Build.0 = Release|Any CPU
		{5935EC64-7414-47D8-B934-E5896DD89E4E}.Debug|Any CPU.ActiveCfg = Debug|Any CPU
		{5935EC64-7414-47D8-B934-E5896DD89E4E}.Debug|Any CPU.Build.0 = Debug|Any CPU
		{5935EC64-7414-47D8-B934-E5896DD89E4E}.Release|Any CPU.ActiveCfg = Release|Any CPU
		{5935EC64-7414-47D8-B934-E5896DD89E4E}.Release|Any CPU.Build.0 = Release|Any CPU
		{F0EE03CF-30C9-4C48-BF32-FED6F3BCFB4C}.Debug|Any CPU.ActiveCfg = Debug|Any CPU
		{F0EE03CF-30C9-4C48-BF32-FED6F3BCFB4C}.Debug|Any CPU.Build.0 = Debug|Any CPU
		{F0EE03CF-30C9-4C48-BF32-FED6F3BCFB4C}.Release|Any CPU.ActiveCfg = Release|Any CPU
		{F0EE03CF-30C9-4C48-BF32-FED6F3BCFB4C}.Release|Any CPU.Build.0 = Release|Any CPU
		{C5E41276-A30F-4098-BA79-2E8920BBD02A}.Debug|Any CPU.ActiveCfg = Debug|Any CPU
		{C5E41276-A30F-4098-BA79-2E8920BBD02A}.Debug|Any CPU.Build.0 = Debug|Any CPU
		{C5E41276-A30F-4098-BA79-2E8920BBD02A}.Release|Any CPU.ActiveCfg = Release|Any CPU
		{C5E41276-A30F-4098-BA79-2E8920BBD02A}.Release|Any CPU.Build.0 = Release|Any CPU
		{4816AA7B-7222-4B3B-A178-C2A70713E9D1}.Debug|Any CPU.ActiveCfg = Debug|Any CPU
		{4816AA7B-7222-4B3B-A178-C2A70713E9D1}.Debug|Any CPU.Build.0 = Debug|Any CPU
		{4816AA7B-7222-4B3B-A178-C2A70713E9D1}.Release|Any CPU.ActiveCfg = Release|Any CPU
		{4816AA7B-7222-4B3B-A178-C2A70713E9D1}.Release|Any CPU.Build.0 = Release|Any CPU
		{07A80C17-E03E-475D-9BBF-98E3B1393652}.Debug|Any CPU.ActiveCfg = Debug|Any CPU
		{07A80C17-E03E-475D-9BBF-98E3B1393652}.Debug|Any CPU.Build.0 = Debug|Any CPU
		{07A80C17-E03E-475D-9BBF-98E3B1393652}.Release|Any CPU.ActiveCfg = Release|Any CPU
		{07A80C17-E03E-475D-9BBF-98E3B1393652}.Release|Any CPU.Build.0 = Release|Any CPU
		{E4734315-158C-4D35-AF01-1122C22F2955}.Debug|Any CPU.ActiveCfg = Debug|Any CPU
		{E4734315-158C-4D35-AF01-1122C22F2955}.Debug|Any CPU.Build.0 = Debug|Any CPU
		{E4734315-158C-4D35-AF01-1122C22F2955}.Release|Any CPU.ActiveCfg = Release|Any CPU
		{E4734315-158C-4D35-AF01-1122C22F2955}.Release|Any CPU.Build.0 = Release|Any CPU
		{A95157D2-907F-411E-BA1D-A17F48C54A0E}.Debug|Any CPU.ActiveCfg = Debug|Any CPU
		{A95157D2-907F-411E-BA1D-A17F48C54A0E}.Debug|Any CPU.Build.0 = Debug|Any CPU
		{A95157D2-907F-411E-BA1D-A17F48C54A0E}.Release|Any CPU.ActiveCfg = Release|Any CPU
		{A95157D2-907F-411E-BA1D-A17F48C54A0E}.Release|Any CPU.Build.0 = Release|Any CPU
		{671E38D8-ECAF-484B-A2AE-63DDC469C315}.Debug|Any CPU.ActiveCfg = Debug|Any CPU
		{671E38D8-ECAF-484B-A2AE-63DDC469C315}.Debug|Any CPU.Build.0 = Debug|Any CPU
		{671E38D8-ECAF-484B-A2AE-63DDC469C315}.Release|Any CPU.ActiveCfg = Release|Any CPU
		{671E38D8-ECAF-484B-A2AE-63DDC469C315}.Release|Any CPU.Build.0 = Release|Any CPU
		{694C0EC0-ED32-4E5D-8EA1-FB82E1303EAB}.Debug|Any CPU.ActiveCfg = Debug|Any CPU
		{694C0EC0-ED32-4E5D-8EA1-FB82E1303EAB}.Debug|Any CPU.Build.0 = Debug|Any CPU
		{694C0EC0-ED32-4E5D-8EA1-FB82E1303EAB}.Release|Any CPU.ActiveCfg = Release|Any CPU
		{694C0EC0-ED32-4E5D-8EA1-FB82E1303EAB}.Release|Any CPU.Build.0 = Release|Any CPU
		{EEF89893-A6A9-4C02-818C-D116C8EAE0EF}.Debug|Any CPU.ActiveCfg = Debug|Any CPU
		{EEF89893-A6A9-4C02-818C-D116C8EAE0EF}.Debug|Any CPU.Build.0 = Debug|Any CPU
		{EEF89893-A6A9-4C02-818C-D116C8EAE0EF}.Release|Any CPU.ActiveCfg = Release|Any CPU
		{EEF89893-A6A9-4C02-818C-D116C8EAE0EF}.Release|Any CPU.Build.0 = Release|Any CPU
		{531255B3-9669-4BC1-B4E5-A0C6E0540F0D}.Debug|Any CPU.ActiveCfg = Debug|Any CPU
		{531255B3-9669-4BC1-B4E5-A0C6E0540F0D}.Debug|Any CPU.Build.0 = Debug|Any CPU
		{531255B3-9669-4BC1-B4E5-A0C6E0540F0D}.Release|Any CPU.ActiveCfg = Release|Any CPU
		{531255B3-9669-4BC1-B4E5-A0C6E0540F0D}.Release|Any CPU.Build.0 = Release|Any CPU
		{F1C990DD-32C3-4F02-83B0-6E52B18B0B17}.Debug|Any CPU.ActiveCfg = Debug|Any CPU
		{F1C990DD-32C3-4F02-83B0-6E52B18B0B17}.Debug|Any CPU.Build.0 = Debug|Any CPU
		{F1C990DD-32C3-4F02-83B0-6E52B18B0B17}.Release|Any CPU.ActiveCfg = Release|Any CPU
		{F1C990DD-32C3-4F02-83B0-6E52B18B0B17}.Release|Any CPU.Build.0 = Release|Any CPU
		{7C58FB7C-9AB5-47CF-ACEB-B784CF820E7E}.Debug|Any CPU.ActiveCfg = Debug|Any CPU
		{7C58FB7C-9AB5-47CF-ACEB-B784CF820E7E}.Debug|Any CPU.Build.0 = Debug|Any CPU
		{7C58FB7C-9AB5-47CF-ACEB-B784CF820E7E}.Release|Any CPU.ActiveCfg = Release|Any CPU
		{7C58FB7C-9AB5-47CF-ACEB-B784CF820E7E}.Release|Any CPU.Build.0 = Release|Any CPU
	EndGlobalSection
	GlobalSection(SolutionProperties) = preSolution
		HideSolutionNode = FALSE
	EndGlobalSection
	GlobalSection(NestedProjects) = preSolution
		{5B6C87F0-CEBA-4A0A-8C30-02E927AB4AEF} = {DB2506F5-05FD-4E76-940E-41D7AA148550}
		{5935EC64-7414-47D8-B934-E5896DD89E4E} = {DB2506F5-05FD-4E76-940E-41D7AA148550}
		{F0EE03CF-30C9-4C48-BF32-FED6F3BCFB4C} = {DB2506F5-05FD-4E76-940E-41D7AA148550}
		{C5E41276-A30F-4098-BA79-2E8920BBD02A} = {DB2506F5-05FD-4E76-940E-41D7AA148550}
		{4816AA7B-7222-4B3B-A178-C2A70713E9D1} = {9ABAF6B1-6C02-498A-90A2-ABC1140CF89A}
		{07A80C17-E03E-475D-9BBF-98E3B1393652} = {9ABAF6B1-6C02-498A-90A2-ABC1140CF89A}
		{E4734315-158C-4D35-AF01-1122C22F2955} = {9ABAF6B1-6C02-498A-90A2-ABC1140CF89A}
		{A95157D2-907F-411E-BA1D-A17F48C54A0E} = {026D2797-07D1-4BA5-8070-50CDE0258C59}
		{671E38D8-ECAF-484B-A2AE-63DDC469C315} = {D6B44435-EAFA-4D55-90D0-3AF80485FB83}
		{694C0EC0-ED32-4E5D-8EA1-FB82E1303EAB} = {D6B44435-EAFA-4D55-90D0-3AF80485FB83}
		{EEF89893-A6A9-4C02-818C-D116C8EAE0EF} = {D6B44435-EAFA-4D55-90D0-3AF80485FB83}
		{531255B3-9669-4BC1-B4E5-A0C6E0540F0D} = {C90E38FB-69EA-4997-8B3A-2C71EFA65B2B}
		{F1C990DD-32C3-4F02-83B0-6E52B18B0B17} = {9ABAF6B1-6C02-498A-90A2-ABC1140CF89A}
		{7C58FB7C-9AB5-47CF-ACEB-B784CF820E7E} = {D6B44435-EAFA-4D55-90D0-3AF80485FB83}
	EndGlobalSection
	GlobalSection(ExtensibilityGlobals) = postSolution
		SolutionGuid = {1ED77A6E-377F-4EEF-A3D0-D65C94657DAF}
	EndGlobalSection
EndGlobal
